
Microsoft Visual Studio Solution File, Format Version 12.00
# Visual Studio Version 16
VisualStudioVersion = 16.0.30413.136
MinimumVisualStudioVersion = 10.0.40219.1
Project("{FAE04EC0-301F-11D3-BF4B-00C04F79EFBC}") = "GDSU", "GDSU\GDSU.csproj", "{8DF2A865-2EAB-45E7-AFCD-45D174B1D612}"
EndProject
Global
	GlobalSection(SolutionConfigurationPlatforms) = preSolution
		Debug|Any CPU = Debug|Any CPU
		Release|Any CPU = Release|Any CPU
	EndGlobalSection
	GlobalSection(ProjectConfigurationPlatforms) = postSolution
		{8DF2A865-2EAB-45E7-AFCD-45D174B1D612}.Debug|Any CPU.ActiveCfg = Debug|Any CPU
		{8DF2A865-2EAB-45E7-AFCD-45D174B1D612}.Debug|Any CPU.Build.0 = Debug|Any CPU
		{8DF2A865-2EAB-45E7-AFCD-45D174B1D612}.Release|Any CPU.ActiveCfg = Release|Any CPU
		{8DF2A865-2EAB-45E7-AFCD-45D174B1D612}.Release|Any CPU.Build.0 = Release|Any CPU
	EndGlobalSection
	GlobalSection(SolutionProperties) = preSolution
		HideSolutionNode = FALSE
	EndGlobalSection
	GlobalSection(ExtensibilityGlobals) = postSolution
		SolutionGuid = {191CD75D-F91C-41D3-8CCD-7BE7FBEE593F}
	EndGlobalSection
EndGlobal
